[[package]]
category = "dev"
description = "Atomic file writes."
name = "atomicwrites"
optional = false
python-versions = ">=2.7, !=3.0.*, !=3.1.*, !=3.2.*, !=3.3.*"
version = "1.4.0"

[[package]]
category = "dev"
description = "Classes Without Boilerplate"
name = "attrs"
optional = false
python-versions = ">=2.7, !=3.0.*, !=3.1.*, !=3.2.*, !=3.3.*"
version = "19.3.0"

[[package]]
category = "dev"
description = "Cross-platform colored terminal text."
marker = "sys_platform == \"win32\""
name = "colorama"
optional = false
python-versions = ">=2.7, !=3.0.*, !=3.1.*, !=3.2.*, !=3.3.*, !=3.4.*"
version = "0.4.3"

[[package]]
category = "dev"
description = "Read metadata from Python packages"
marker = "python_version < \"3.8\""
name = "importlib-metadata"
optional = false
python-versions = "!=3.0.*,!=3.1.*,!=3.2.*,!=3.3.*,!=3.4.*,>=2.7"
version = "1.7.0"

[package.dependencies]
zipp = ">=0.5"

[[package]]
category = "main"
description = "Python wrapper for the MeCab morphological analyzer for Japanese"
name = "mecab-python3"
optional = false
python-versions = "*"
version = "1.0.0"

[[package]]
category = "dev"
description = "More routines for operating on iterables, beyond itertools"
name = "more-itertools"
optional = false
python-versions = ">=3.5"
version = "8.4.0"

[[package]]
category = "dev"
description = "plugin and hook calling mechanisms for python"
name = "pluggy"
optional = false
python-versions = ">=2.7, !=3.0.*, !=3.1.*, !=3.2.*, !=3.3.*"
version = "0.13.1"

[package.dependencies]
[package.dependencies.importlib-metadata]
python = "<3.8"
version = ">=0.12"

[[package]]
category = "dev"
description = "library with cross-python path, ini-parsing, io, code, log facilities"
name = "py"
optional = false
python-versions = ">=2.7, !=3.0.*, !=3.1.*, !=3.2.*, !=3.3.*"
version = "1.9.0"

[[package]]
category = "dev"
description = "pytest: simple powerful testing with Python"
name = "pytest"
optional = false
python-versions = ">=2.7, !=3.0.*, !=3.1.*, !=3.2.*, !=3.3.*"
version = "3.10.1"

[package.dependencies]
atomicwrites = ">=1.0"
attrs = ">=17.4.0"
colorama = "*"
more-itertools = ">=4.0.0"
pluggy = ">=0.7"
py = ">=1.5.0"
setuptools = "*"
six = ">=1.10.0"

[[package]]
category = "dev"
description = "Python 2 and 3 compatibility utilities"
name = "six"
optional = false
python-versions = ">=2.7, !=3.0.*, !=3.1.*, !=3.2.*"
version = "1.15.0"

[[package]]
category = "dev"
description = "Backport of pathlib-compatible object wrapper for zip files"
marker = "python_version < \"3.8\""
name = "zipp"
optional = false
python-versions = ">=3.6"
version = "3.1.0"

[metadata]
content-hash = "242e9492a90772d1b8208f2d1b299fcdfeaff42af6de9ba293632d85a87d58b7"
python-versions = "^3.7"

[metadata.hashes]
atomicwrites = ["6d1784dea7c0c8d4a5172b6c620f40b6e4cbfdf96d783691f2e1302a7b88e197", "ae70396ad1a434f9c7046fd2dd196fc04b12f9e91ffb859164193be8b6168a7a"]
attrs = ["08a96c641c3a74e44eb59afb61a24f2cb9f4d7188748e76ba4bb5edfa3cb7d1c", "f7b7ce16570fe9965acd6d30101a28f62fb4a7f9e926b3bbc9b61f8b04247e72"]
colorama = ["7d73d2a99753107a36ac6b455ee49046802e59d9d076ef8e47b61499fa29afff", "e96da0d330793e2cb9485e9ddfd918d456036c7149416295932478192f4436a1"]
importlib-metadata = ["90bb658cdbbf6d1735b6341ce708fc7024a3e14e99ffdc5783edea9f9b077f83", "dc15b2969b4ce36305c51eebe62d418ac7791e9a157911d58bfb1f9ccd8e2070"]
mecab-python3 = ["05ca239ec76da50800ba18bd383736e1a1a7df0db05fd2b6525d34e3b039f120", "0989020517bdc0b8b980cc9cfe2f6082e80bfc19af6b4c7e526766bc92ab9cc5", "1121192cda163aceb9b3f12e9f1dda12abfd4510e9e858058a65b8728ff4b08b", "18edc47bf0daec5a7c428f468f4ff12269f06138639b41688a91ae22f112b135", "1a09ed83dd80787583fe716d8d6f6f78939bcec1cb806fa6667dfaaad4c2d5ae", "1e41b7993b61f61956a59f273161b6f487c7fb7647772be100919812bd3d3c65", "3890c0eb49fb886575a8a4c312ffc39efa94fa629a6decfa47646addee953b64", "43fe8ca1c23bede8f2a001a965c469b868de94c442d4979c1c57841e899fafdd", "48605fcac3c308b03a0154359e7e7efbc7c88d1e020510576a1945f96129d75f", "4a1271e3a900db8c61787b45bf868a33e6d2107581b983c00f58f98f493f64e5", "4c01f1c7e4622eb4c812151bf29dd44cd869629fbf9353171bef4867a3464651", "4fdd0db64a3ff8ac202ef55dff6ab222d8472b73b2aedd92925e856c50365385", "5c92be050b32e4cdc1811955e5ea60ae0fc6c7176d4d5e82c5d09530c317a476", "6667fd513a53c2430cfe7ea165c3e7761c3c93189922237e953ab1672c506375", "79347e2b82774651abc071f1b15efe4b146f5d4ca724f43c6d99c04707fadc9f", "8f0d58465f8545622e95a2c6e9b32e1a7a890797386e27dbef2d4dfff4d2fa81", "910366058147dce0c5eb37b7651b0c7f5611ac3a5f60a9ac28d65673d225268e", "9daaee7a0c234125c12abb8d83a806b8caf18ecf146871e6cce5c16ca20d6c6c", "9de6227fd4c5f76b3dbae9c7141fdd36a49e7c99b42b2a17b3dadcf498223b96", "9fa83cb4f8744d21c4e0fb8abaeebf71e2c32ecf0b697fe629a42cff591a468d", "a912eee399754a656ebeffbad3b5f3077480d15ccc0156216872f0309a8ce2bc", "abd289cd082454245c8c1e23dfd15e35a7ac09a1b47d82c34dfbe5e5bd691146", "b968e61cc308a569c4da9351c1cc99468e320579a39c640511075d202acfc018", "bf9f976abdc446180afa7e6af6f4ed61990eba8ea8d5f01529d91cca403dc253", "c96c5873836cf3f25b71be29b84c4105f0a33bd155ae44323a1b17ca26c3e12b", "d1699451a81c6494c2c330dffcdf0daa6cd2b51e3623bcce5f9471ecbcdefc7d", "d8b29d613549636d32ae17c897d63c8d868867787665307cfa08d62da493073b", "e02082c6873550d20550480405d562b4cde00e1307df3fe9aa1e278d731dd153", "ebf79fc83b31b3c7b95b0b6053ea0dbc8c9ae941078444d5b40a3f9b4932080e", "edb47e1e34854d62131d2c29ff65a863812a8980ab46aed11faa565e9bc42521", "f020a1d9393824de59df0eae1fb551f5025fc37e263ab30bd10ac0ca4bd34bb1", "f0b51a7f6a81f59e86ec014f61a425af5874c0e7a846dbc2bfed8e3ff316e6b0", "f146010b3af47db089364c62413231e1438345765242c70c43585e4ee7aeffa8"]
more-itertools = ["68c70cc7167bdf5c7c9d8f6954a7837089c6a36bf565383919bb595efb8a17e5", "b78134b2063dd214000685165d81c154522c3ee0a1c0d4d113c80361c234c5a2"]
pluggy = ["15b2acde666561e1298d71b523007ed7364de07029219b604cf808bfa1c765b0", "966c145cd83c96502c3c3868f50408687b38434af77734af1e9ca461a4081d2d"]
py = ["366389d1db726cd2fcfc79732e75410e5fe4d31db13692115529d34069a043c2", "9ca6883ce56b4e8da7e79ac18787889fa5206c79dcc67fb065376cd2fe03f342"]
pytest = ["3f193df1cfe1d1609d4c583838bea3d532b18d6160fd3f55c9447fdca30848ec", "e246cf173c01169b9617fc07264b7b1316e78d7a650055235d6d897bc80d9660"]
six = ["30639c035cdb23534cd4aa2dd52c3bf48f06e5f4a941509c8bafd8ce11080259", "8b74bedcbbbaca38ff6d7491d76f2b06b3592611af620f8426e82dddb04a5ced"]
zipp = ["aa36550ff0c0b7ef7fa639055d797116ee891440eac1a56f378e2d3179e0320b", "c599e4d75c98f6798c509911d08a22e6c021d074469042177c8c86fb92eefd96"]
