[[package]]
category = "dev"
description = "Atomic file writes."
name = "atomicwrites"
optional = false
python-versions = ">=2.7, !=3.0.*, !=3.1.*, !=3.2.*, !=3.3.*"
version = "1.3.0"

[[package]]
category = "dev"
description = "Classes Without Boilerplate"
name = "attrs"
optional = false
python-versions = ">=2.7, !=3.0.*, !=3.1.*, !=3.2.*, !=3.3.*"
version = "19.3.0"

[[package]]
category = "main"
description = "Catboost Python Package"
name = "catboost"
optional = false
python-versions = "*"
version = "0.20.2"

[package.dependencies]
graphviz = "*"
matplotlib = "*"
numpy = ">=1.16.0"
pandas = ">=0.24.0"
plotly = "*"
scipy = "*"
six = "*"

[[package]]
category = "dev"
description = "Cross-platform colored terminal text."
marker = "sys_platform == \"win32\""
name = "colorama"
optional = false
python-versions = ">=2.7, !=3.0.*, !=3.1.*, !=3.2.*, !=3.3.*, !=3.4.*"
version = "0.4.3"

[[package]]
category = "main"
description = "Composable style cycles"
name = "cycler"
optional = false
python-versions = "*"
version = "0.10.0"

[package.dependencies]
six = "*"

[[package]]
category = "main"
description = "Simple Python interface for Graphviz"
name = "graphviz"
optional = false
python-versions = ">=2.7,!=3.0.*,!=3.1.*,!=3.2.*,!=3.3.*,!=3.4.*"
version = "0.13.2"

[[package]]
category = "dev"
description = "Read metadata from Python packages"
marker = "python_version < \"3.8\""
name = "importlib-metadata"
optional = false
python-versions = "!=3.0.*,!=3.1.*,!=3.2.*,!=3.3.*,!=3.4.*,>=2.7"
version = "1.5.0"

[package.dependencies]
zipp = ">=0.5"

[[package]]
category = "main"
description = "Lightweight pipelining: using Python functions as pipeline jobs."
name = "joblib"
optional = false
python-versions = "*"
version = "0.14.1"

[[package]]
category = "main"
description = "A fast implementation of the Cassowary constraint solver"
name = "kiwisolver"
optional = false
python-versions = ">=2.7, !=3.0.*, !=3.1.*, !=3.2.*, !=3.3.*"
version = "1.1.0"

[package.dependencies]
setuptools = "*"

[[package]]
category = "main"
description = "Python plotting package"
name = "matplotlib"
optional = false
python-versions = ">=3.6"
version = "3.1.2"

[package.dependencies]
cycler = ">=0.10"
kiwisolver = ">=1.0.1"
numpy = ">=1.11"
pyparsing = ">=2.0.1,<2.0.4 || >2.0.4,<2.1.2 || >2.1.2,<2.1.6 || >2.1.6"
python-dateutil = ">=2.1"

[[package]]
category = "dev"
description = "More routines for operating on iterables, beyond itertools"
name = "more-itertools"
optional = false
python-versions = ">=3.5"
version = "8.2.0"

[[package]]
category = "main"
description = "NumPy is the fundamental package for array computing with Python."
name = "numpy"
optional = false
python-versions = ">=3.5"
version = "1.18.1"

[[package]]
category = "main"
description = "Powerful data structures for data analysis, time series, and statistics"
name = "pandas"
optional = false
python-versions = ">=3.6.1"
version = "1.0.0"

[package.dependencies]
numpy = ">=1.13.3"
python-dateutil = ">=2.6.1"
pytz = ">=2017.2"

[[package]]
category = "main"
description = "An open-source, interactive graphing library for Python"
name = "plotly"
optional = false
python-versions = "*"
version = "4.5.0"

[package.dependencies]
retrying = ">=1.3.3"
six = "*"

[[package]]
category = "dev"
description = "plugin and hook calling mechanisms for python"
name = "pluggy"
optional = false
python-versions = ">=2.7, !=3.0.*, !=3.1.*, !=3.2.*, !=3.3.*"
version = "0.13.1"

[package.dependencies]
[package.dependencies.importlib-metadata]
python = "<3.8"
version = ">=0.12"

[[package]]
category = "dev"
description = "library with cross-python path, ini-parsing, io, code, log facilities"
name = "py"
optional = false
python-versions = ">=2.7, !=3.0.*, !=3.1.*, !=3.2.*, !=3.3.*"
version = "1.8.1"

[[package]]
category = "main"
description = "Python parsing module"
name = "pyparsing"
optional = false
python-versions = ">=2.6, !=3.0.*, !=3.1.*, !=3.2.*"
version = "2.4.6"

[[package]]
category = "dev"
description = "pytest: simple powerful testing with Python"
name = "pytest"
optional = false
python-versions = ">=2.7, !=3.0.*, !=3.1.*, !=3.2.*, !=3.3.*"
version = "3.10.1"

[package.dependencies]
atomicwrites = ">=1.0"
attrs = ">=17.4.0"
colorama = "*"
more-itertools = ">=4.0.0"
pluggy = ">=0.7"
py = ">=1.5.0"
setuptools = "*"
six = ">=1.10.0"

[[package]]
category = "main"
description = "Extensions to the standard Python datetime module"
name = "python-dateutil"
optional = false
python-versions = "!=3.0.*,!=3.1.*,!=3.2.*,>=2.7"
version = "2.8.1"

[package.dependencies]
six = ">=1.5"

[[package]]
category = "main"
description = "World timezone definitions, modern and historical"
name = "pytz"
optional = false
python-versions = "*"
version = "2019.3"

[[package]]
category = "main"
description = "Retrying"
name = "retrying"
optional = false
python-versions = "*"
version = "1.3.3"

[package.dependencies]
six = ">=1.7.0"

[[package]]
category = "main"
description = "A set of python modules for machine learning and data mining"
name = "scikit-learn"
optional = false
python-versions = ">=3.5"
version = "0.22.1"

[package.dependencies]
joblib = ">=0.11"
numpy = ">=1.11.0"
scipy = ">=0.17.0"

[[package]]
category = "main"
description = "SciPy: Scientific Library for Python"
name = "scipy"
optional = false
python-versions = ">=3.5"
version = "1.4.1"

[package.dependencies]
numpy = ">=1.13.3"

[[package]]
category = "main"
description = "Python 2 and 3 compatibility utilities"
name = "six"
optional = false
python-versions = ">=2.7, !=3.0.*, !=3.1.*, !=3.2.*"
version = "1.14.0"

[[package]]
category = "dev"
description = "Backport of pathlib-compatible object wrapper for zip files"
marker = "python_version < \"3.8\""
name = "zipp"
optional = false
python-versions = ">=3.6"
version = "2.1.0"

[metadata]
content-hash = "06de2ae77e323326f2cb65e250ca97039c7e6307da4555ba5c30d8c191ef0ded"
python-versions = "^3.7"

[metadata.hashes]
atomicwrites = ["03472c30eb2c5d1ba9227e4c2ca66ab8287fbfbbda3888aa93dc2e28fc6811b4", "75a9445bac02d8d058d5e1fe689654ba5a6556a1dfd8ce6ec55a0ed79866cfa6"]
attrs = ["08a96c641c3a74e44eb59afb61a24f2cb9f4d7188748e76ba4bb5edfa3cb7d1c", "f7b7ce16570fe9965acd6d30101a28f62fb4a7f9e926b3bbc9b61f8b04247e72"]
catboost = ["1d15db78189a87e9371b630672c9f2cc9ce42c3a8b52a47935abdcb315ac119c", "2a0c061dc736df9a2d249ec2ccd3f31b85e06f70563f2aa9462348e5f3515152", "31c583402a9d086a8386006bcc8847bcab886fd0a33c7f7bab4909e25c07501b", "4548b92c550d720711064989fb7dc10277a04f26552c75fde06dba19c28aac43", "4739325c80602524614bdd6be4bae162d18fbd26d615b141f295c561b6562c70", "4fe21b321607ea5d16936a4b584f9693efcf82679d11e66ab2aed151c070b418", "70ab0c21e1a1a5bbf56533470ac204cfb3ebe37a9876a2fe28aa0d8229372724", "7a943dac2c28e6e3ed3e1b08c8f6fcadbb8ad7205313c768f3f54cd8ee3da4f8", "9262c83e232e1e0eb86e3c4ada1f5baa360de4a3c9924ca4bec6c094a14806fd", "a2046a39a29cd8d1da94757b3b646942bf330ea44ec9186bdae0d5b8f30b1532", "a40ced29186183fbeb73dc3ba3b0173229eb9cac8e5cdee6983f0f38e1c393db", "ae653f7a6266b8d87cb879f986a8e6b44ffe1db462f2c867007f10b7bb60e0a7", "eb83519ee6a586f60d5a9223d2b8d797165bbbbdad44816281aa17827777ba7b", "f9110c603fdcb3dcc1e42b85a0df85fc1a73f4c19e7dcb59506956c377a3c648", "f9c00e0105114fb8985fcd66399a74f712c704ab02d1ef62d37036221c7a330f"]
colorama = ["7d73d2a99753107a36ac6b455ee49046802e59d9d076ef8e47b61499fa29afff", "e96da0d330793e2cb9485e9ddfd918d456036c7149416295932478192f4436a1"]
cycler = ["1d8a5ae1ff6c5cf9b93e8811e581232ad8920aeec647c37316ceac982b08cb2d", "cd7b2d1018258d7247a71425e9f26463dfb444d411c39569972f4ce586b0c9d8"]
graphviz = ["241fb099e32b8e8c2acca747211c8237e40c0b89f24b1622860075d59f4c4b25", "60acbeee346e8c14555821eab57dbf68a169e6c10bce40e83c1bf44f63a62a01"]
importlib-metadata = ["06f5b3a99029c7134207dd882428a66992a9de2bef7c2b699b5641f9886c3302", "b97607a1a18a5100839aec1dc26a1ea17ee0d93b20b0f008d80a5a050afb200b"]
joblib = ["0630eea4f5664c463f23fbf5dcfc54a2bc6168902719fa8e19daf033022786c8", "bdb4fd9b72915ffb49fde2229ce482dd7ae79d842ed8c2b4c932441495af1403"]
kiwisolver = ["05b5b061e09f60f56244adc885c4a7867da25ca387376b02c1efc29cc16bcd0f", "210d8c39d01758d76c2b9a693567e1657ec661229bc32eac30761fa79b2474b0", "26f4fbd6f5e1dabff70a9ba0d2c4bd30761086454aa30dddc5b52764ee4852b7", "3b15d56a9cd40c52d7ab763ff0bc700edbb4e1a298dc43715ecccd605002cf11", "3b2378ad387f49cbb328205bda569b9f87288d6bc1bf4cd683c34523a2341efe", "400599c0fe58d21522cae0e8b22318e09d9729451b17ee61ba8e1e7c0346565c", "47b8cb81a7d18dbaf4fed6a61c3cecdb5adec7b4ac292bddb0d016d57e8507d5", "53eaed412477c836e1b9522c19858a8557d6e595077830146182225613b11a75", "58e626e1f7dfbb620d08d457325a4cdac65d1809680009f46bf41eaf74ad0187", "5a52e1b006bfa5be04fe4debbcdd2688432a9af4b207a3f429c74ad625022641", "5c7ca4e449ac9f99b3b9d4693debb1d6d237d1542dd6a56b3305fe8a9620f883", "682e54f0ce8f45981878756d7203fd01e188cc6c8b2c5e2cf03675390b4534d5", "76275ee077772c8dde04fb6c5bc24b91af1bb3e7f4816fd1852f1495a64dad93", "79bfb2f0bd7cbf9ea256612c9523367e5ec51d7cd616ae20ca2c90f575d839a2", "7f4dd50874177d2bb060d74769210f3bce1af87a8c7cf5b37d032ebf94f0aca3", "8944a16020c07b682df861207b7e0efcd2f46c7488619cb55f65882279119389", "8aa7009437640beb2768bfd06da049bad0df85f47ff18426261acecd1cf00897", "9105ce82dcc32c73eb53a04c869b6a4bc756b43e4385f76ea7943e827f529e4d", "933df612c453928f1c6faa9236161a1d999a26cd40abf1dc5d7ebbc6dbfb8fca", "939f36f21a8c571686eb491acfffa9c7f1ac345087281b412d63ea39ca14ec4a", "9491578147849b93e70d7c1d23cb1229458f71fc79c51d52dce0809b2ca44eea", "9733b7f64bd9f807832d673355f79703f81f0b3e52bfce420fc00d8cb28c6a6c", "a02f6c3e229d0b7220bd74600e9351e18bc0c361b05f29adae0d10599ae0e326", "a0c0a9f06872330d0dd31b45607197caab3c22777600e88031bfe66799e70bb0", "aa716b9122307c50686356cfb47bfbc66541868078d0c801341df31dca1232a9", "acc4df99308111585121db217681f1ce0eecb48d3a828a2f9bbf9773f4937e9e", "b64916959e4ae0ac78af7c3e8cef4becee0c0e9694ad477b4c6b3a536de6a544", "d22702cadb86b6fcba0e6b907d9f84a312db9cd6934ee728144ce3018e715ee1", "d3fcf0819dc3fea58be1fd1ca390851bdb719a549850e708ed858503ff25d995", "d52e3b1868a4e8fd18b5cb15055c76820df514e26aa84cc02f593d99fef6707f", "db1a5d3cc4ae943d674718d6c47d2d82488ddd94b93b9e12d24aabdbfe48caee", "e3a21a720791712ed721c7b95d433e036134de6f18c77dbe96119eaf7aa08004", "e8bf074363ce2babeb4764d94f8e65efd22e6a7c74860a4f05a6947afc020ff2", "f16814a4a96dc04bf1da7d53ee8d5b1d6decfc1a92a63349bb15d37b6a263dd9", "f2b22153870ca5cf2ab9c940d7bc38e8e9089fa0f7e5856ea195e1cf4ff43d5a", "f790f8b3dff3d53453de6a7b7ddd173d2e020fb160baff578d578065b108a05f", "fe51b79da0062f8e9d49ed0182a626a7dc7a0cbca0328f612c6ee5e4711c81e4"]
matplotlib = ["08ccc8922eb4792b91c652d3e6d46b1c99073f1284d1b6705155643e8046463a", "161dcd807c0c3232f4dcd4a12a382d52004a498174cbfafd40646106c5bcdcc8", "1f9e885bfa1b148d16f82a6672d043ecf11197f6c71ae222d0546db706e52eb2", "2d6ab54015a7c0d727c33e36f85f5c5e4172059efdd067f7527f6e5d16ad01aa", "5d2e408a2813abf664bd79431107543ecb449136912eb55bb312317edecf597e", "61c8b740a008218eb604de518eb411c4953db0cb725dd0b32adf8a81771cab9e", "80f10af8378fccc136da40ea6aa4a920767476cdfb3241acb93ef4f0465dbf57", "819d4860315468b482f38f1afe45a5437f60f03eaede495d5ff89f2eeac89500", "8cc0e44905c2c8fda5637cad6f311eb9517017515a034247ab93d0cf99f8bb7a", "8e8e2c2fe3d873108735c6ee9884e6f36f467df4a143136209cff303b183bada", "98c2ffeab8b79a4e3a0af5dd9939f92980eb6e3fec10f7f313df5f35a84dacab", "d59bb0e82002ac49f4152963f8a1079e66794a4f454457fd2f0dcc7bf0797d30", "ee59b7bb9eb75932fe3787e54e61c99b628155b0cedc907864f24723ba55b309"]
more-itertools = ["5dd8bcf33e5f9513ffa06d5ad33d78f31e1931ac9a18f33d37e77a180d393a7c", "b1ddb932186d8a6ac451e1d95844b382f55e12686d51ca0c68b6f61f2ab7a507"]
numpy = ["1786a08236f2c92ae0e70423c45e1e62788ed33028f94ca99c4df03f5be6b3c6", "17aa7a81fe7599a10f2b7d95856dc5cf84a4eefa45bc96123cbbc3ebc568994e", "20b26aaa5b3da029942cdcce719b363dbe58696ad182aff0e5dcb1687ec946dc", "2d75908ab3ced4223ccba595b48e538afa5ecc37405923d1fea6906d7c3a50bc", "39d2c685af15d3ce682c99ce5925cc66efc824652e10990d2462dfe9b8918c6a", "56bc8ded6fcd9adea90f65377438f9fea8c05fcf7c5ba766bef258d0da1554aa", "590355aeade1a2eaba17617c19edccb7db8d78760175256e3cf94590a1a964f3", "70a840a26f4e61defa7bdf811d7498a284ced303dfbc35acb7be12a39b2aa121", "77c3bfe65d8560487052ad55c6998a04b654c2fbc36d546aef2b2e511e760971", "9537eecf179f566fd1c160a2e912ca0b8e02d773af0a7a1120ad4f7507cd0d26", "9acdf933c1fd263c513a2df3dceecea6f3ff4419d80bf238510976bf9bcb26cd", "ae0975f42ab1f28364dcda3dde3cf6c1ddab3e1d4b2909da0cb0191fa9ca0480", "b3af02ecc999c8003e538e60c89a2b37646b39b688d4e44d7373e11c2debabec", "b6ff59cee96b454516e47e7721098e6ceebef435e3e21ac2d6c3b8b02628eb77", "b765ed3930b92812aa698a455847141869ef755a87e099fddd4ccf9d81fffb57", "c98c5ffd7d41611407a1103ae11c8b634ad6a43606eca3e2a5a269e5d6e8eb07", "cf7eb6b1025d3e169989416b1adcd676624c2dbed9e3bcb7137f51bfc8cc2572", "d92350c22b150c1cae7ebb0ee8b5670cc84848f6359cf6b5d8f86617098a9b73", "e422c3152921cece8b6a2fb6b0b4d73b6579bd20ae075e7d15143e711f3ca2ca", "e840f552a509e3380b0f0ec977e8124d0dc34dc0e68289ca28f4d7c1d0d79474", "f3d0a94ad151870978fb93538e95411c83899c9dc63e6fb65542f769568ecfa5"]
pandas = ["18bbce2e69855d42397486ee0bb79cb0e4c94af6679fd9392e32ffdb7fcfade0", "35d07389efaf3c478d93725a226941c7fc14714814ba77d6d43b2c9e63ef4af5", "3ea6cc86931f57f18b1240572216f09922d91b19ab8a01cf24734394a3db3bec", "46b0a146e4ba744e350847244767ef297950e9ce02424734b2dd0befd77d9aff", "66c1a49b47c0953dbc6864a6d2578c4c24610f6bb8e4ab165d49b8371aa7745f", "6d5c2d2a3e42100700bac7fe762c17ba0a04d0355feac04bce74a1aa6c8be164", "ab1aa2c50b7c6ba0eccebb146b4d80ed7f5804897b8d54ccddbe49f28c881a94", "ae1ec10e34d22b0f699e38f346381630cae89d5050a2a61315a2be09e3435f99", "b578df33338a09707bfe3e3939c9d46700948133bf829357c3c46795055c9376", "bad77cf498362590ef3a30bc9e769f4fe4399d853861a1ddbefeea8cbf39906c", "c36e4d44d34eaa503776a8fb57ba1305e680e178458c050c2fd8de67604fa209", "d76a8ec22adf0323d362dac8c900b2c66e06eab984ecf04ef072866d8ab6c538", "e8be4f6da608930c0d565240bfbe04fc6f5764d6a9214b02c6231cd5e223591d", "f66c63f357ac31c913f4917f55348ce99c639031567c3284f01dff605da58264"]
plotly = ["a19ed783bcf094e6207b3699ab261465bf3c7d299403678801de634bf17e2559", "bb5271f648913cf330a0de4ede3084cda848f8ad8b080330a0678e1b21df97b0"]
pluggy = ["15b2acde666561e1298d71b523007ed7364de07029219b604cf808bfa1c765b0", "966c145cd83c96502c3c3868f50408687b38434af77734af1e9ca461a4081d2d"]
py = ["5e27081401262157467ad6e7f851b7aa402c5852dbcb3dae06768434de5752aa", "c20fdd83a5dbc0af9efd622bee9a5564e278f6380fffcacc43ba6f43db2813b0"]
pyparsing = ["4c830582a84fb022400b85429791bc551f1f4871c33f23e44f353119e92f969f", "c342dccb5250c08d45fd6f8b4a559613ca603b57498511740e65cd11a2e7dcec"]
pytest = ["3f193df1cfe1d1609d4c583838bea3d532b18d6160fd3f55c9447fdca30848ec", "e246cf173c01169b9617fc07264b7b1316e78d7a650055235d6d897bc80d9660"]
python-dateutil = ["73ebfe9dbf22e832286dafa60473e4cd239f8592f699aa5adaf10050e6e1823c", "75bb3f31ea686f1197762692a9ee6a7550b59fc6ca3a1f4b5d7e32fb98e2da2a"]
pytz = ["1c557d7d0e871de1f5ccd5833f60fb2550652da6be2693c1e02300743d21500d", "b02c06db6cf09c12dd25137e563b31700d3b80fcc4ad23abb7a315f2789819be"]
retrying = ["08c039560a6da2fe4f2c426d0766e284d3b736e355f8dd24b37367b0bb41973b"]
scikit-learn = ["06c9816249b9664ef1b04ad6a5d4dfe0c4017c584858c4e658861c2ac5eb4f31", "12ec6b2821a0b4d1b7cbe0e5d6387e64e25e6ec8cfef058b276a14509c3a537b", "13b9ac18d48c051dfea32783067f2e45552e45852b88f3bccdb5c72fa56df3fe", "1e0cb60dae75da9e72d38569d18bbad5008777defd23585035a1314a01af966c", "28033cb7b50b8a6c3762cddd41dc7e5449347dedfa353409a576082e76309d09", "2d35ece66767dd197d020940b1dab3be92ddbb1c96aaef0936d9c4369d544d69", "51ee25330fc244107588545c70e2f3570cfc4017cff09eed69d6e1d82a212b7d", "571476fbb826c87ad300a5aad0238c14a590ab7df5cb823ee19ac077bf13b5f4", "5e0b5bebfd8bd8ab89b58c44acb95ddcc9439b23c875ed597842991cafc18b62", "671874343a0b33bc0dbcae4af0b9a77c55b8132b33887fbfe086681c3f010840", "6fad30299ef3dd103871ad1235b445fd5d2df47c424746eaf3c50fbc99c49cef", "7f1cdfd3c5e9d0951e273f49bb25bd9886537ab77e2273502b8676c3105828ae", "80eec2f54cc7f51c5abb743f09506e009ba2b95bf6fb0e554aa0d8959b680003", "93001af23b0f1e68d93447f9d56bad631d4fc28eafd78b09469fb55aeff715b1", "956a68772df02342af129e8bbe858b3053745c36beb6351a13641e3b56e0df23", "96e1365ba285903e493b1e9505b533171c852f7069d038dcc3395ece952fdc78", "bacc63185520d9eb295d79fa62c388fd7145783920a1fb113451a0b294994cad", "d92b81615854504c27063e0970aed37e644eea5991444558c8aca8fadc1483b3", "d92ed650c32db013f66bba63af4922bd7a9b8c5802d4ee292332e504e567bd4a", "ebdf03b6e7f784e360ab26cf400cd2125d650c0903ef11086c0a3f2b4b07e603", "f18ae2abc09cb94a171840829a8132dda7267c941eb431387a6014f943946825"]
scipy = ["00af72998a46c25bdb5824d2b729e7dabec0c765f9deb0b504f928591f5ff9d4", "0902a620a381f101e184a958459b36d3ee50f5effd186db76e131cbefcbb96f7", "1e3190466d669d658233e8a583b854f6386dd62d655539b77b3fa25bfb2abb70", "2cce3f9847a1a51019e8c5b47620da93950e58ebc611f13e0d11f4980ca5fecb", "3092857f36b690a321a662fe5496cb816a7f4eecd875e1d36793d92d3f884073", "386086e2972ed2db17cebf88610aab7d7f6e2c0ca30042dc9a89cf18dcc363fa", "71eb180f22c49066f25d6df16f8709f215723317cc951d99e54dc88020ea57be", "770254a280d741dd3436919d47e35712fb081a6ff8bafc0f319382b954b77802", "787cc50cab3020a865640aba3485e9fbd161d4d3b0d03a967df1a2881320512d", "8a07760d5c7f3a92e440ad3aedcc98891e915ce857664282ae3c0220f3301eb6", "8d3bc3993b8e4be7eade6dcc6fd59a412d96d3a33fa42b0fa45dc9e24495ede9", "9508a7c628a165c2c835f2497837bf6ac80eb25291055f56c129df3c943cbaf8", "a144811318853a23d32a07bc7fd5561ff0cac5da643d96ed94a4ffe967d89672", "a1aae70d52d0b074d8121333bc807a485f9f1e6a69742010b33780df2e60cfe0", "a2d6df9eb074af7f08866598e4ef068a2b310d98f87dc23bd1b90ec7bdcec802", "bb517872058a1f087c4528e7429b4a44533a902644987e7b2fe35ecc223bc408", "c5cac0c0387272ee0e789e94a570ac51deb01c796b37fb2aad1fb13f85e2f97d", "cc971a82ea1170e677443108703a2ec9ff0f70752258d0e9f5433d00dda01f59", "dba8306f6da99e37ea08c08fef6e274b5bf8567bb094d1dbe86a20e532aca088", "dc60bb302f48acf6da8ca4444cfa17d52c63c5415302a9ee77b3b21618090521", "dee1bbf3a6c8f73b6b218cb28eed8dd13347ea2f87d572ce19b289d6fd3fbc59"]
six = ["236bdbdce46e6e6a3d61a337c0f8b763ca1e8717c03b369e87a7ec7ce1319c0a", "8f3cd2e254d8f793e7f3d6d9df77b92252b52637291d0f0da013c76ea2724b6c"]
zipp = ["ccc94ed0909b58ffe34430ea5451f07bc0c76467d7081619a454bf5c98b89e28", "feae2f18633c32fc71f2de629bfb3bd3c9325cd4419642b1f1da42ee488d9b98"]
